
Microsoft Visual Studio Solution File, Format Version 12.00
# Visual Studio Version 17
VisualStudioVersion = 17.1.32210.238
MinimumVisualStudioVersion = 10.0.40219.1
Project("{FAE04EC0-301F-11D3-BF4B-00C04F79EFBC}") = "API", "API\API.csproj", "{F6EBFB0E-F0E7-4B88-8F71-718FD21E31FA}"
EndProject
Global
	GlobalSection(SolutionConfigurationPlatforms) = preSolution
		Debug|Any CPU = Debug|Any CPU
		Release|Any CPU = Release|Any CPU
	EndGlobalSection
	GlobalSection(ProjectConfigurationPlatforms) = postSolution
		{F6EBFB0E-F0E7-4B88-8F71-718FD21E31FA}.Debug|Any CPU.ActiveCfg = Debug|Any CPU
		{F6EBFB0E-F0E7-4B88-8F71-718FD21E31FA}.Debug|Any CPU.Build.0 = Debug|Any CPU
		{F6EBFB0E-F0E7-4B88-8F71-718FD21E31FA}.Release|Any CPU.ActiveCfg = Release|Any CPU
		{F6EBFB0E-F0E7-4B88-8F71-718FD21E31FA}.Release|Any CPU.Build.0 = Release|Any CPU
	EndGlobalSection
	GlobalSection(SolutionProperties) = preSolution
		HideSolutionNode = FALSE
	EndGlobalSection
	GlobalSection(ExtensibilityGlobals) = postSolution
		SolutionGuid = {4EEEE6F2-1F27-4E87-96F0-2BDF0B17FEDB}
	EndGlobalSection
EndGlobal
